
Microsoft Visual Studio Solution File, Format Version 12.00
# Visual Studio Version 17
VisualStudioVersion = 17.0.31903.59
MinimumVisualStudioVersion = 10.0.40219.1
Project("{9A19103F-16F7-4668-BE54-9A1E7A4F7556}") = "Web.API", "src\Web.API\Web.API.csproj", "{5A9186EC-088C-445D-B88D-5730EFF19C0B}"
EndProject
Project("{9A19103F-16F7-4668-BE54-9A1E7A4F7556}") = "Application", "src\Application\Application.csproj", "{C7DDA979-C376-414E-BB31-7CEBCD3D24B4}"
EndProject
Project("{9A19103F-16F7-4668-BE54-9A1E7A4F7556}") = "Infrastructure", "src\Infrastructure\Infrastructure.csproj", "{ED6FD9DE-E0B1-4FE6-B0F1-4A5ED6B1E4DD}"
EndProject
Project("{9A19103F-16F7-4668-BE54-9A1E7A4F7556}") = "Domain", "src\Domain\Domain.csproj", "{81C7AF9F-A6E3-4005-AF45-2F74A12E8543}"
EndProject
Project("{2150E333-8FDC-42A3-9474-1A3956D46DE8}") = "tests", "tests", "{5809CF4C-E00D-4A17-89BF-EDD915A9DB11}"
EndProject
Project("{2150E333-8FDC-42A3-9474-1A3956D46DE8}") = "UnitTests", "UnitTests", "{D248AB9F-10B4-4017-B26F-FFE3581D4810}"
EndProject
Project("{9A19103F-16F7-4668-BE54-9A1E7A4F7556}") = "Application.Products.UnitTests", "tests\UnitTests\Application.Planets.UnitTests\Application.Products.UnitTests.csproj", "{BB02A905-59DA-4057-8259-974A4A7C4EF8}"
EndProject
Global
	GlobalSection(SolutionConfigurationPlatforms) = preSolution
		Debug|Any CPU = Debug|Any CPU
		Release|Any CPU = Release|Any CPU
	EndGlobalSection
	GlobalSection(ProjectConfigurationPlatforms) = postSolution
		{5A9186EC-088C-445D-B88D-5730EFF19C0B}.Debug|Any CPU.ActiveCfg = Debug|Any CPU
		{5A9186EC-088C-445D-B88D-5730EFF19C0B}.Debug|Any CPU.Build.0 = Debug|Any CPU
		{5A9186EC-088C-445D-B88D-5730EFF19C0B}.Release|Any CPU.ActiveCfg = Release|Any CPU
		{5A9186EC-088C-445D-B88D-5730EFF19C0B}.Release|Any CPU.Build.0 = Release|Any CPU
		{C7DDA979-C376-414E-BB31-7CEBCD3D24B4}.Debug|Any CPU.ActiveCfg = Debug|Any CPU
		{C7DDA979-C376-414E-BB31-7CEBCD3D24B4}.Debug|Any CPU.Build.0 = Debug|Any CPU
		{C7DDA979-C376-414E-BB31-7CEBCD3D24B4}.Release|Any CPU.ActiveCfg = Release|Any CPU
		{C7DDA979-C376-414E-BB31-7CEBCD3D24B4}.Release|Any CPU.Build.0 = Release|Any CPU
		{ED6FD9DE-E0B1-4FE6-B0F1-4A5ED6B1E4DD}.Debug|Any CPU.ActiveCfg = Debug|Any CPU
		{ED6FD9DE-E0B1-4FE6-B0F1-4A5ED6B1E4DD}.Debug|Any CPU.Build.0 = Debug|Any CPU
		{ED6FD9DE-E0B1-4FE6-B0F1-4A5ED6B1E4DD}.Release|Any CPU.ActiveCfg = Release|Any CPU
		{ED6FD9DE-E0B1-4FE6-B0F1-4A5ED6B1E4DD}.Release|Any CPU.Build.0 = Release|Any CPU
		{81C7AF9F-A6E3-4005-AF45-2F74A12E8543}.Debug|Any CPU.ActiveCfg = Debug|Any CPU
		{81C7AF9F-A6E3-4005-AF45-2F74A12E8543}.Debug|Any CPU.Build.0 = Debug|Any CPU
		{81C7AF9F-A6E3-4005-AF45-2F74A12E8543}.Release|Any CPU.ActiveCfg = Release|Any CPU
		{81C7AF9F-A6E3-4005-AF45-2F74A12E8543}.Release|Any CPU.Build.0 = Release|Any CPU
		{BB02A905-59DA-4057-8259-974A4A7C4EF8}.Debug|Any CPU.ActiveCfg = Debug|Any CPU
		{BB02A905-59DA-4057-8259-974A4A7C4EF8}.Debug|Any CPU.Build.0 = Debug|Any CPU
		{BB02A905-59DA-4057-8259-974A4A7C4EF8}.Release|Any CPU.ActiveCfg = Release|Any CPU
		{BB02A905-59DA-4057-8259-974A4A7C4EF8}.Release|Any CPU.Build.0 = Release|Any CPU
	EndGlobalSection
	GlobalSection(SolutionProperties) = preSolution
		HideSolutionNode = FALSE
	EndGlobalSection
	GlobalSection(NestedProjects) = preSolution
		{D248AB9F-10B4-4017-B26F-FFE3581D4810} = {5809CF4C-E00D-4A17-89BF-EDD915A9DB11}
		{BB02A905-59DA-4057-8259-974A4A7C4EF8} = {D248AB9F-10B4-4017-B26F-FFE3581D4810}
	EndGlobalSection
	GlobalSection(ExtensibilityGlobals) = postSolution
		SolutionGuid = {BCA5B18F-0E9C-404E-9E2A-1850A44FF97C}
	EndGlobalSection
EndGlobal
